// !$*UTF8*$!
{
	archiveVersion = 1;
	classes = {
	};
	objectVersion = 48;
	objects = {

/* Begin PBXBuildFile section */
		737D6DC72012154A00766F4F /* AppDelegate.swift in Sources */ = {isa = PBXBuildFile; fileRef = 737D6DC62012154A00766F4F /* AppDelegate.swift */; };
		737D6DC92012154A00766F4F /* ViewController.swift in Sources */ = {isa = PBXBuildFile; fileRef = 737D6DC82012154A00766F4F /* ViewController.swift */; };
		737D6DCE2012154A00766F4F /* Assets.xcassets in Resources */ = {isa = PBXBuildFile; fileRef = 737D6DCD2012154A00766F4F /* Assets.xcassets */; };
		737D6DD12012154A00766F4F /* LaunchScreen.storyboard in Resources */ = {isa = PBXBuildFile; fileRef = 737D6DCF2012154A00766F4F /* LaunchScreen.storyboard */; };
		737D6DDC2012154B00766F4F /* NSImageCropperTests.swift in Sources */ = {isa = PBXBuildFile; fileRef = 737D6DDB2012154B00766F4F /* NSImageCropperTests.swift */; };
		737D6DE72012154B00766F4F /* NSImageCropperUITests.swift in Sources */ = {isa = PBXBuildFile; fileRef = 737D6DE62012154B00766F4F /* NSImageCropperUITests.swift */; };
		737D6DF62012158A00766F4F /* Main.storyboard in Resources */ = {isa = PBXBuildFile; fileRef = 737D6DF52012158A00766F4F /* Main.storyboard */; };
		737D6DF8201215C300766F4F /* ImageCropperViewController.swift in Sources */ = {isa = PBXBuildFile; fileRef = 737D6DF7201215C300766F4F /* ImageCropperViewController.swift */; };
		737D6DFB2012173100766F4F /* UIImageView+Extension.swift in Sources */ = {isa = PBXBuildFile; fileRef = 737D6DFA2012173100766F4F /* UIImageView+Extension.swift */; };
/* End PBXBuildFile section */

/* Begin PBXContainerItemProxy section */
		737D6DD82012154B00766F4F /* PBXContainerItemProxy */ = {
			isa = PBXContainerItemProxy;
			containerPortal = 737D6DBB2012154900766F4F /* Project object */;
			proxyType = 1;
			remoteGlobalIDString = 737D6DC22012154A00766F4F;
			remoteInfo = NSImageCropper;
		};
		737D6DE32012154B00766F4F /* PBXContainerItemProxy */ = {
			isa = PBXContainerItemProxy;
			containerPortal = 737D6DBB2012154900766F4F /* Project object */;
			proxyType = 1;
			remoteGlobalIDString = 737D6DC22012154A00766F4F;
			remoteInfo = NSImageCropper;
		};
/* End PBXContainerItemProxy section */

/* Begin PBXFileReference section */
		737D6DC32012154A00766F4F /* NSImageCropper.app */ = {isa = PBXFileReference; explicitFileType = wrapper.application; includeInIndex = 0; path = NSImageCropper.app; sourceTree = BUILT_PRODUCTS_DIR; };
		737D6DC62012154A00766F4F /* AppDelegate.swift */ = {isa = PBXFileReference; lastKnownFileType = sourcecode.swift; path = AppDelegate.swift; sourceTree = "<group>"; };
		737D6DC82012154A00766F4F /* ViewController.swift */ = {isa = PBXFileReference; lastKnownFileType = sourcecode.swift; path = ViewController.swift; sourceTree = "<group>"; };
		737D6DCD2012154A00766F4F /* Assets.xcassets */ = {isa = PBXFileReference; lastKnownFileType = folder.assetcatalog; path = Assets.xcassets; sourceTree = "<group>"; };
		737D6DD02012154A00766F4F /* Base */ = {isa = PBXFileReference; lastKnownFileType = file.storyboard; name = Base; path = Base.lproj/LaunchScreen.storyboard; sourceTree = "<group>"; };
		737D6DD22012154A00766F4F /* Info.plist */ = {isa = PBXFileReference; lastKnownFileType = text.plist.xml; path = Info.plist; sourceTree = "<group>"; };
		737D6DD72012154B00766F4F /* NSImageCropperTests.xctest */ = {isa = PBXFileReference; explicitFileType = wrapper.cfbundle; includeInIndex = 0; path = NSImageCropperTests.xctest; sourceTree = BUILT_PRODUCTS_DIR; };
		737D6DDB2012154B00766F4F /* NSImageCropperTests.swift */ = {isa = PBXFileReference; lastKnownFileType = sourcecode.swift; path = NSImageCropperTests.swift; sourceTree = "<group>"; };
		737D6DDD2012154B00766F4F /* Info.plist */ = {isa = PBXFileReference; lastKnownFileType = text.plist.xml; path = Info.plist; sourceTree = "<group>"; };
		737D6DE22012154B00766F4F /* NSImageCropperUITests.xctest */ = {isa = PBXFileReference; explicitFileType = wrapper.cfbundle; includeInIndex = 0; path = NSImageCropperUITests.xctest; sourceTree = BUILT_PRODUCTS_DIR; };
		737D6DE62012154B00766F4F /* NSImageCropperUITests.swift */ = {isa = PBXFileReference; lastKnownFileType = sourcecode.swift; path = NSImageCropperUITests.swift; sourceTree = "<group>"; };
		737D6DE82012154B00766F4F /* Info.plist */ = {isa = PBXFileReference; lastKnownFileType = text.plist.xml; path = Info.plist; sourceTree = "<group>"; };
		737D6DF52012158A00766F4F /* Main.storyboard */ = {isa = PBXFileReference; fileEncoding = 4; lastKnownFileType = file.storyboard; path = Main.storyboard; sourceTree = "<group>"; };
		737D6DF7201215C300766F4F /* ImageCropperViewController.swift */ = {isa = PBXFileReference; fileEncoding = 4; lastKnownFileType = sourcecode.swift; path = ImageCropperViewController.swift; sourceTree = "<group>"; };
		737D6DFA2012173100766F4F /* UIImageView+Extension.swift */ = {isa = PBXFileReference; lastKnownFileType = sourcecode.swift; path = "UIImageView+Extension.swift"; sourceTree = "<group>"; };
/* End PBXFileReference section */

/* Begin PBXFrameworksBuildPhase section */
		737D6DC02012154A00766F4F /* Frameworks */ = {
			isa = PBXFrameworksBuildPhase;
			buildActionMask = 2147483647;
			files = (
			);
			runOnlyForDeploymentPostprocessing = 0;
		};
		737D6DD42012154B00766F4F /* Frameworks */ = {
			isa = PBXFrameworksBuildPhase;
			buildActionMask = 2147483647;
			files = (
			);
			runOnlyForDeploymentPostprocessing = 0;
		};
		737D6DDF2012154B00766F4F /* Frameworks */ = {
			isa = PBXFrameworksBuildPhase;
			buildActionMask = 2147483647;
			files = (
			);
			runOnlyForDeploymentPostprocessing = 0;
		};
/* End PBXFrameworksBuildPhase section */

/* Begin PBXGroup section */
		737D6DBA2012154900766F4F = {
			isa = PBXGroup;
			children = (
				737D6DC52012154A00766F4F /* NSImageCropper */,
				737D6DDA2012154B00766F4F /* NSImageCropperTests */,
				737D6DE52012154B00766F4F /* NSImageCropperUITests */,
				737D6DC42012154A00766F4F /* Products */,
			);
			sourceTree = "<group>";
		};
		737D6DC42012154A00766F4F /* Products */ = {
			isa = PBXGroup;
			children = (
				737D6DC32012154A00766F4F /* NSImageCropper.app */,
				737D6DD72012154B00766F4F /* NSImageCropperTests.xctest */,
				737D6DE22012154B00766F4F /* NSImageCropperUITests.xctest */,
			);
			name = Products;
			sourceTree = "<group>";
		};
		737D6DC52012154A00766F4F /* NSImageCropper */ = {
			isa = PBXGroup;
			children = (
				737D6DF92012171D00766F4F /* extensions */,
				737D6DF42012156600766F4F /* ImageCropper */,
				737D6DC62012154A00766F4F /* AppDelegate.swift */,
				737D6DC82012154A00766F4F /* ViewController.swift */,
				737D6DF52012158A00766F4F /* Main.storyboard */,
				737D6DCD2012154A00766F4F /* Assets.xcassets */,
				737D6DCF2012154A00766F4F /* LaunchScreen.storyboard */,
				737D6DD22012154A00766F4F /* Info.plist */,
			);
			path = NSImageCropper;
			sourceTree = "<group>";
		};
		737D6DDA2012154B00766F4F /* NSImageCropperTests */ = {
			isa = PBXGroup;
			children = (
				737D6DDB2012154B00766F4F /* NSImageCropperTests.swift */,
				737D6DDD2012154B00766F4F /* Info.plist */,
			);
			path = NSImageCropperTests;
			sourceTree = "<group>";
		};
		737D6DE52012154B00766F4F /* NSImageCropperUITests */ = {
			isa = PBXGroup;
			children = (
				737D6DE62012154B00766F4F /* NSImageCropperUITests.swift */,
				737D6DE82012154B00766F4F /* Info.plist */,
			);
			path = NSImageCropperUITests;
			sourceTree = "<group>";
		};
		737D6DF42012156600766F4F /* ImageCropper */ = {
			isa = PBXGroup;
			children = (
				737D6DF7201215C300766F4F /* ImageCropperViewController.swift */,
			);
			path = ImageCropper;
			sourceTree = "<group>";
		};
		737D6DF92012171D00766F4F /* extensions */ = {
			isa = PBXGroup;
			children = (
				737D6DFA2012173100766F4F /* UIImageView+Extension.swift */,
			);
			path = extensions;
			sourceTree = "<group>";
		};
/* End PBXGroup section */

/* Begin PBXNativeTarget section */
		737D6DC22012154A00766F4F /* NSImageCropper */ = {
			isa = PBXNativeTarget;
			buildConfigurationList = 737D6DEB2012154B00766F4F /* Build configuration list for PBXNativeTarget "NSImageCropper" */;
			buildPhases = (
				737D6DBF2012154A00766F4F /* Sources */,
				737D6DC02012154A00766F4F /* Frameworks */,
				737D6DC12012154A00766F4F /* Resources */,
			);
			buildRules = (
			);
			dependencies = (
			);
			name = NSImageCropper;
			productName = NSImageCropper;
			productReference = 737D6DC32012154A00766F4F /* NSImageCropper.app */;
			productType = "com.apple.product-type.application";
		};
		737D6DD62012154B00766F4F /* NSImageCropperTests */ = {
			isa = PBXNativeTarget;
			buildConfigurationList = 737D6DEE2012154B00766F4F /* Build configuration list for PBXNativeTarget "NSImageCropperTests" */;
			buildPhases = (
				737D6DD32012154B00766F4F /* Sources */,
				737D6DD42012154B00766F4F /* Frameworks */,
				737D6DD52012154B00766F4F /* Resources */,
			);
			buildRules = (
			);
			dependencies = (
				737D6DD92012154B00766F4F /* PBXTargetDependency */,
			);
			name = NSImageCropperTests;
			productName = NSImageCropperTests;
			productReference = 737D6DD72012154B00766F4F /* NSImageCropperTests.xctest */;
			productType = "com.apple.product-type.bundle.unit-test";
		};
		737D6DE12012154B00766F4F /* NSImageCropperUITests */ = {
			isa = PBXNativeTarget;
			buildConfigurationList = 737D6DF12012154B00766F4F /* Build configuration list for PBXNativeTarget "NSImageCropperUITests" */;
			buildPhases = (
				737D6DDE2012154B00766F4F /* Sources */,
				737D6DDF2012154B00766F4F /* Frameworks */,
				737D6DE02012154B00766F4F /* Resources */,
			);
			buildRules = (
			);
			dependencies = (
				737D6DE42012154B00766F4F /* PBXTargetDependency */,
			);
			name = NSImageCropperUITests;
			productName = NSImageCropperUITests;
			productReference = 737D6DE22012154B00766F4F /* NSImageCropperUITests.xctest */;
			productType = "com.apple.product-type.bundle.ui-testing";
		};
/* End PBXNativeTarget section */

/* Begin PBXProject section */
		737D6DBB2012154900766F4F /* Project object */ = {
			isa = PBXProject;
			attributes = {
				LastSwiftUpdateCheck = 0910;
				LastUpgradeCheck = 0910;
				ORGANIZATIONNAME = "Javra Software";
				TargetAttributes = {
					737D6DC22012154A00766F4F = {
						CreatedOnToolsVersion = 9.1;
						ProvisioningStyle = Automatic;
					};
					737D6DD62012154B00766F4F = {
						CreatedOnToolsVersion = 9.1;
						ProvisioningStyle = Automatic;
						TestTargetID = 737D6DC22012154A00766F4F;
					};
					737D6DE12012154B00766F4F = {
						CreatedOnToolsVersion = 9.1;
						ProvisioningStyle = Automatic;
						TestTargetID = 737D6DC22012154A00766F4F;
					};
				};
			};
			buildConfigurationList = 737D6DBE2012154900766F4F /* Build configuration list for PBXProject "NSImageCropper" */;
			compatibilityVersion = "Xcode 8.0";
			developmentRegion = en;
			hasScannedForEncodings = 0;
			knownRegions = (
				en,
				Base,
			);
			mainGroup = 737D6DBA2012154900766F4F;
			productRefGroup = 737D6DC42012154A00766F4F /* Products */;
			projectDirPath = "";
			projectRoot = "";
			targets = (
				737D6DC22012154A00766F4F /* NSImageCropper */,
				737D6DD62012154B00766F4F /* NSImageCropperTests */,
				737D6DE12012154B00766F4F /* NSImageCropperUITests */,
			);
		};
/* End PBXProject section */

/* Begin PBXResourcesBuildPhase section */
		737D6DC12012154A00766F4F /* Resources */ = {
			isa = PBXResourcesBuildPhase;
			buildActionMask = 2147483647;
			files = (
				737D6DF62012158A00766F4F /* Main.storyboard in Resources */,
				737D6DD12012154A00766F4F /* LaunchScreen.storyboard in Resources */,
				737D6DCE2012154A00766F4F /* Assets.xcassets in Resources */,
			);
			runOnlyForDeploymentPostprocessing = 0;
		};
		737D6DD52012154B00766F4F /* Resources */ = {
			isa = PBXResourcesBuildPhase;
			buildActionMask = 2147483647;
			files = (
			);
			runOnlyForDeploymentPostprocessing = 0;
		};
		737D6DE02012154B00766F4F /* Resources */ = {
			isa = PBXResourcesBuildPhase;
			buildActionMask = 2147483647;
			files = (
			);
			runOnlyForDeploymentPostprocessing = 0;
		};
/* End PBXResourcesBuildPhase section */

/* Begin PBXSourcesBuildPhase section */
		737D6DBF2012154A00766F4F /* Sources */ = {
			isa = PBXSourcesBuildPhase;
			buildActionMask = 2147483647;
			files = (
				737D6DC92012154A00766F4F /* ViewController.swift in Sources */,
				737D6DC72012154A00766F4F /* AppDelegate.swift in Sources */,
				737D6DFB2012173100766F4F /* UIImageView+Extension.swift in Sources */,
				737D6DF8201215C300766F4F /* ImageCropperViewController.swift in Sources */,
			);
			runOnlyForDeploymentPostprocessing = 0;
		};
		737D6DD32012154B00766F4F /* Sources */ = {
			isa = PBXSourcesBuildPhase;
			buildActionMask = 2147483647;
			files = (
				737D6DDC2012154B00766F4F /* NSImageCropperTests.swift in Sources */,
			);
			runOnlyForDeploymentPostprocessing = 0;
		};
		737D6DDE2012154B00766F4F /* Sources */ = {
			isa = PBXSourcesBuildPhase;
			buildActionMask = 2147483647;
			files = (
				737D6DE72012154B00766F4F /* NSImageCropperUITests.swift in Sources */,
			);
			runOnlyForDeploymentPostprocessing = 0;
		};
/* End PBXSourcesBuildPhase section */

/* Begin PBXTargetDependency section */
		737D6DD92012154B00766F4F /* PBXTargetDependency */ = {
			isa = PBXTargetDependency;
			target = 737D6DC22012154A00766F4F /* NSImageCropper */;
			targetProxy = 737D6DD82012154B00766F4F /* PBXContainerItemProxy */;
		};
		737D6DE42012154B00766F4F /* PBXTargetDependency */ = {
			isa = PBXTargetDependency;
			target = 737D6DC22012154A00766F4F /* NSImageCropper */;
			targetProxy = 737D6DE32012154B00766F4F /* PBXContainerItemProxy */;
		};
/* End PBXTargetDependency section */

/* Begin PBXVariantGroup section */
		737D6DCF2012154A00766F4F /* LaunchScreen.storyboard */ = {
			isa = PBXVariantGroup;
			children = (
				737D6DD02012154A00766F4F /* Base */,
			);
			name = LaunchScreen.storyboard;
			sourceTree = "<group>";
		};
/* End PBXVariantGroup section */

/* Begin XCBuildConfiguration section */
		737D6DE92012154B00766F4F /* Debug */ = {
			isa = XCBuildConfiguration;
			buildSettings = {
				ALWAYS_SEARCH_USER_PATHS = NO;
				CLANG_ANALYZER_NONNULL = YES;
				CLANG_ANALYZER_NUMBER_OBJECT_CONVERSION = YES_AGGRESSIVE;
				CLANG_CXX_LANGUAGE_STANDARD = "gnu++14";
				CLANG_CXX_LIBRARY = "libc++";
				CLANG_ENABLE_MODULES = YES;
				CLANG_ENABLE_OBJC_ARC = YES;
				CLANG_WARN_BLOCK_CAPTURE_AUTORELEASING = YES;
				CLANG_WARN_BOOL_CONVERSION = YES;
				CLANG_WARN_COMMA = YES;
				CLANG_WARN_CONSTANT_CONVERSION = YES;
				CLANG_WARN_DIRECT_OBJC_ISA_USAGE = YES_ERROR;
				CLANG_WARN_DOCUMENTATION_COMMENTS = YES;
				CLANG_WARN_EMPTY_BODY = YES;
				CLANG_WARN_ENUM_CONVERSION = YES;
				CLANG_WARN_INFINITE_RECURSION = YES;
				CLANG_WARN_INT_CONVERSION = YES;
				CLANG_WARN_NON_LITERAL_NULL_CONVERSION = YES;
				CLANG_WARN_OBJC_LITERAL_CONVERSION = YES;
				CLANG_WARN_OBJC_ROOT_CLASS = YES_ERROR;
				CLANG_WARN_RANGE_LOOP_ANALYSIS = YES;
				CLANG_WARN_STRICT_PROTOTYPES = YES;
				CLANG_WARN_SUSPICIOUS_MOVE = YES;
				CLANG_WARN_UNGUARDED_AVAILABILITY = YES_AGGRESSIVE;
				CLANG_WARN_UNREACHABLE_CODE = YES;
				CLANG_WARN__DUPLICATE_METHOD_MATCH = YES;
				CODE_SIGN_IDENTITY = "iPhone Developer";
				COPY_PHASE_STRIP = NO;
				DEBUG_INFORMATION_FORMAT = dwarf;
				ENABLE_STRICT_OBJC_MSGSEND = YES;
				ENABLE_TESTABILITY = YES;
				GCC_C_LANGUAGE_STANDARD = gnu11;
				GCC_DYNAMIC_NO_PIC = NO;
				GCC_NO_COMMON_BLOCKS = YES;
				GCC_OPTIMIZATION_LEVEL = 0;
				GCC_PREPROCESSOR_DEFINITIONS = (
					"DEBUG=1",
					"$(inherited)",
				);
				GCC_WARN_64_TO_32_BIT_CONVERSION = YES;
				GCC_WARN_ABOUT_RETURN_TYPE = YES_ERROR;
				GCC_WARN_UNDECLARED_SELECTOR = YES;
				GCC_WARN_UNINITIALIZED_AUTOS = YES_AGGRESSIVE;
				GCC_WARN_UNUSED_FUNCTION = YES;
				GCC_WARN_UNUSED_VARIABLE = YES;
				IPHONEOS_DEPLOYMENT_TARGET = 11.1;
				MTL_ENABLE_DEBUG_INFO = YES;
				ONLY_ACTIVE_ARCH = YES;
				SDKROOT = iphoneos;
				SWIFT_ACTIVE_COMPILATION_CONDITIONS = DEBUG;
				SWIFT_OPTIMIZATION_LEVEL = "-Onone";
			};
			name = Debug;
		};
		737D6DEA2012154B00766F4F /* Release */ = {
			isa = XCBuildConfiguration;
			buildSettings = {
				ALWAYS_SEARCH_USER_PATHS = NO;
				CLANG_ANALYZER_NONNULL = YES;
				CLANG_ANALYZER_NUMBER_OBJECT_CONVERSION = YES_AGGRESSIVE;
				CLANG_CXX_LANGUAGE_STANDARD = "gnu++14";
				CLANG_CXX_LIBRARY = "libc++";
				CLANG_ENABLE_MODULES = YES;
				CLANG_ENABLE_OBJC_ARC = YES;
				CLANG_WARN_BLOCK_CAPTURE_AUTORELEASING = YES;
				CLANG_WARN_BOOL_CONVERSION = YES;
				CLANG_WARN_COMMA = YES;
				CLANG_WARN_CONSTANT_CONVERSION = YES;
				CLANG_WARN_DIRECT_OBJC_ISA_USAGE = YES_ERROR;
				CLANG_WARN_DOCUMENTATION_COMMENTS = YES;
				CLANG_WARN_EMPTY_BODY = YES;
				CLANG_WARN_ENUM_CONVERSION = YES;
				CLANG_WARN_INFINITE_RECURSION = YES;
				CLANG_WARN_INT_CONVERSION = YES;
				CLANG_WARN_NON_LITERAL_NULL_CONVERSION = YES;
				CLANG_WARN_OBJC_LITERAL_CONVERSION = YES;
				CLANG_WARN_OBJC_ROOT_CLASS = YES_ERROR;
				CLANG_WARN_RANGE_LOOP_ANALYSIS = YES;
				CLANG_WARN_STRICT_PROTOTYPES = YES;
				CLANG_WARN_SUSPICIOUS_MOVE = YES;
				CLANG_WARN_UNGUARDED_AVAILABILITY = YES_AGGRESSIVE;
				CLANG_WARN_UNREACHABLE_CODE = YES;
				CLANG_WARN__DUPLICATE_METHOD_MATCH = YES;
				CODE_SIGN_IDENTITY = "iPhone Developer";
				COPY_PHASE_STRIP = NO;
				DEBUG_INFORMATION_FORMAT = "dwarf-with-dsym";
				ENABLE_NS_ASSERTIONS = NO;
				ENABLE_STRICT_OBJC_MSGSEND = YES;
				GCC_C_LANGUAGE_STANDARD = gnu11;
				GCC_NO_COMMON_BLOCKS = YES;
				GCC_WARN_64_TO_32_BIT_CONVERSION = YES;
				GCC_WARN_ABOUT_RETURN_TYPE = YES_ERROR;
				GCC_WARN_UNDECLARED_SELECTOR = YES;
				GCC_WARN_UNINITIALIZED_AUTOS = YES_AGGRESSIVE;
				GCC_WARN_UNUSED_FUNCTION = YES;
				GCC_WARN_UNUSED_VARIABLE = YES;
				IPHONEOS_DEPLOYMENT_TARGET = 11.1;
				MTL_ENABLE_DEBUG_INFO = NO;
				SDKROOT = iphoneos;
				SWIFT_OPTIMIZATION_LEVEL = "-Owholemodule";
				VALIDATE_PRODUCT = YES;
			};
			name = Release;
		};
		737D6DEC2012154B00766F4F /* Debug */ = {
			isa = XCBuildConfiguration;
			buildSettings = {
				ASSETCATALOG_COMPILER_APPICON_NAME = AppIcon;
				CODE_SIGN_STYLE = Automatic;
				DEVELOPMENT_TEAM = EX46B9967N;
				INFOPLIST_FILE = NSImageCropper/Info.plist;
				LD_RUNPATH_SEARCH_PATHS = "$(inherited) @executable_path/Frameworks";
				PRODUCT_BUNDLE_IDENTIFIER = com.javra.NSImageCropper;
				PRODUCT_NAME = "$(TARGET_NAME)";
				SWIFT_VERSION = 4.0;
				TARGETED_DEVICE_FAMILY = "1,2";
			};
			name = Debug;
		};
		737D6DED2012154B00766F4F /* Release */ = {
			isa = XCBuildConfiguration;
			buildSettings = {
				ASSETCATALOG_COMPILER_APPICON_NAME = AppIcon;
				CODE_SIGN_STYLE = Automatic;
				DEVELOPMENT_TEAM = EX46B9967N;
				INFOPLIST_FILE = NSImageCropper/Info.plist;
				LD_RUNPATH_SEARCH_PATHS = "$(inherited) @executable_path/Frameworks";
				PRODUCT_BUNDLE_IDENTIFIER = com.javra.NSImageCropper;
				PRODUCT_NAME = "$(TARGET_NAME)";
				SWIFT_VERSION = 4.0;
				TARGETED_DEVICE_FAMILY = "1,2";
			};
			name = Release;
		};
		737D6DEF2012154B00766F4F /* Debug */ = {
			isa = XCBuildConfiguration;
			buildSettings = {
				ALWAYS_EMBED_SWIFT_STANDARD_LIBRARIES = YES;
				BUNDLE_LOADER = "$(TEST_HOST)";
				CODE_SIGN_STYLE = Automatic;
				DEVELOPMENT_TEAM = EX46B9967N;
				INFOPLIST_FILE = NSImageCropperTests/Info.plist;
				LD_RUNPATH_SEARCH_PATHS = "$(inherited) @executable_path/Frameworks @loader_path/Frameworks";
				PRODUCT_BUNDLE_IDENTIFIER = com.javra.NSImageCropperTests;
				PRODUCT_NAME = "$(TARGET_NAME)";
				SWIFT_VERSION = 4.0;
				TARGETED_DEVICE_FAMILY = "1,2";
				TEST_HOST = "$(BUILT_PRODUCTS_DIR)/NSImageCropper.app/NSImageCropper";
			};
			name = Debug;
		};
		737D6DF02012154B00766F4F /* Release */ = {
			isa = XCBuildConfiguration;
			buildSettings = {
				ALWAYS_EMBED_SWIFT_STANDARD_LIBRARIES = YES;
				BUNDLE_LOADER = "$(TEST_HOST)";
				CODE_SIGN_STYLE = Automatic;
				DEVELOPMENT_TEAM = EX46B9967N;
				INFOPLIST_FILE = NSImageCropperTests/Info.plist;
				LD_RUNPATH_SEARCH_PATHS = "$(inherited) @executable_path/Frameworks @loader_path/Frameworks";
				PRODUCT_BUNDLE_IDENTIFIER = com.javra.NSImageCropperTests;
				PRODUCT_NAME = "$(TARGET_NAME)";
				SWIFT_VERSION = 4.0;
				TARGETED_DEVICE_FAMILY = "1,2";
				TEST_HOST = "$(BUILT_PRODUCTS_DIR)/NSImageCropper.app/NSImageCropper";
			};
			name = Release;
		};
		737D6DF22012154B00766F4F /* Debug */ = {
			isa = XCBuildConfiguration;
			buildSettings = {
				ALWAYS_EMBED_SWIFT_STANDARD_LIBRARIES = YES;
				CODE_SIGN_STYLE = Automatic;
				DEVELOPMENT_TEAM = EX46B9967N;
				INFOPLIST_FILE = NSImageCropperUITests/Info.plist;
				LD_RUNPATH_SEARCH_PATHS = "$(inherited) @executable_path/Frameworks @loader_path/Frameworks";
				PRODUCT_BUNDLE_IDENTIFIER = com.javra.NSImageCropperUITests;
				PRODUCT_NAME = "$(TARGET_NAME)";
				SWIFT_VERSION = 4.0;
				TARGETED_DEVICE_FAMILY = "1,2";
				TEST_TARGET_NAME = NSImageCropper;
			};
			name = Debug;
		};
		737D6DF32012154B00766F4F /* Release */ = {
			isa = XCBuildConfiguration;
			buildSettings = {
				ALWAYS_EMBED_SWIFT_STANDARD_LIBRARIES = YES;
				CODE_SIGN_STYLE = Automatic;
				DEVELOPMENT_TEAM = EX46B9967N;
				INFOPLIST_FILE = NSImageCropperUITests/Info.plist;
				LD_RUNPATH_SEARCH_PATHS = "$(inherited) @executable_path/Frameworks @loader_path/Frameworks";
				PRODUCT_BUNDLE_IDENTIFIER = com.javra.NSImageCropperUITests;
				PRODUCT_NAME = "$(TARGET_NAME)";
				SWIFT_VERSION = 4.0;
				TARGETED_DEVICE_FAMILY = "1,2";
				TEST_TARGET_NAME = NSImageCropper;
			};
			name = Release;
		};
/* End XCBuildConfiguration section */

/* Begin XCConfigurationList section */
		737D6DBE2012154900766F4F /* Build configuration list for PBXProject "NSImageCropper" */ = {
			isa = XCConfigurationList;
			buildConfigurations = (
				737D6DE92012154B00766F4F /* Debug */,
				737D6DEA2012154B00766F4F /* Release */,
			);
			defaultConfigurationIsVisible = 0;
			defaultConfigurationName = Release;
		};
		737D6DEB2012154B00766F4F /* Build configuration list for PBXNativeTarget "NSImageCropper" */ = {
			isa = XCConfigurationList;
			buildConfigurations = (
				737D6DEC2012154B00766F4F /* Debug */,
				737D6DED2012154B00766F4F /* Release */,
			);
			defaultConfigurationIsVisible = 0;
			defaultConfigurationName = Release;
		};
		737D6DEE2012154B00766F4F /* Build configuration list for PBXNativeTarget "NSImageCropperTests" */ = {
			isa = XCConfigurationList;
			buildConfigurations = (
				737D6DEF2012154B00766F4F /* Debug */,
				737D6DF02012154B00766F4F /* Release */,
			);
			defaultConfigurationIsVisible = 0;
			defaultConfigurationName = Release;
		};
		737D6DF12012154B00766F4F /* Build configuration list for PBXNativeTarget "NSImageCropperUITests" */ = {
			isa = XCConfigurationList;
			buildConfigurations = (
				737D6DF22012154B00766F4F /* Debug */,
				737D6DF32012154B00766F4F /* Release */,
			);
			defaultConfigurationIsVisible = 0;
			defaultConfigurationName = Release;
		};
/* End XCConfigurationList section */
	};
	rootObject = 737D6DBB2012154900766F4F /* Project object */;
}
